
Microsoft Visual Studio Solution File, Format Version 12.00
# Visual Studio Version 16
VisualStudioVersion = 16.0.30804.86
MinimumVisualStudioVersion = 10.0.40219.1
Project("{FAE04EC0-301F-11D3-BF4B-00C04F79EFBC}") = "ilerinesneProjeOdevi", "ilerinesneProjeOdevi.csproj", "{019B3A10-A2C9-445F-8480-6F3AA5E57710}"
EndProject
Global
	GlobalSection(SolutionConfigurationPlatforms) = preSolution
		Debug|Any CPU = Debug|Any CPU
		Release|Any CPU = Release|Any CPU
	EndGlobalSection
	GlobalSection(ProjectConfigurationPlatforms) = postSolution
		{019B3A10-A2C9-445F-8480-6F3AA5E57710}.Debug|Any CPU.ActiveCfg = Debug|Any CPU
		{019B3A10-A2C9-445F-8480-6F3AA5E57710}.Debug|Any CPU.Build.0 = Debug|Any CPU
		{019B3A10-A2C9-445F-8480-6F3AA5E57710}.Release|Any CPU.ActiveCfg = Release|Any CPU
		{019B3A10-A2C9-445F-8480-6F3AA5E57710}.Release|Any CPU.Build.0 = Release|Any CPU
	EndGlobalSection
	GlobalSection(SolutionProperties) = preSolution
		HideSolutionNode = FALSE
	EndGlobalSection
	GlobalSection(ExtensibilityGlobals) = postSolution
		SolutionGuid = {715673F0-B27F-43E6-9B5E-2E57911A6295}
	EndGlobalSection
EndGlobal
